
Microsoft Visual Studio Solution File, Format Version 12.00
# Visual Studio Version 17
VisualStudioVersion = 17.1.32319.34
MinimumVisualStudioVersion = 10.0.40219.1
Project("{9A19103F-16F7-4668-BE54-9A1E7A4F7556}") = "websiginaler", "websiginaler.csproj", "{29EF41C1-DD8D-4014-9DD7-3A3B14B3B21B}"
EndProject
Global
	GlobalSection(SolutionConfigurationPlatforms) = preSolution
		Debug|Any CPU = Debug|Any CPU
		Release|Any CPU = Release|Any CPU
	EndGlobalSection
	GlobalSection(ProjectConfigurationPlatforms) = postSolution
		{29EF41C1-DD8D-4014-9DD7-3A3B14B3B21B}.Debug|Any CPU.ActiveCfg = Debug|Any CPU
		{29EF41C1-DD8D-4014-9DD7-3A3B14B3B21B}.Debug|Any CPU.Build.0 = Debug|Any CPU
		{29EF41C1-DD8D-4014-9DD7-3A3B14B3B21B}.Release|Any CPU.ActiveCfg = Release|Any CPU
		{29EF41C1-DD8D-4014-9DD7-3A3B14B3B21B}.Release|Any CPU.Build.0 = Release|Any CPU
	EndGlobalSection
	GlobalSection(SolutionProperties) = preSolution
		HideSolutionNode = FALSE
	EndGlobalSection
	GlobalSection(ExtensibilityGlobals) = postSolution
		SolutionGuid = {A2ACD26D-E966-41ED-B1FD-A32DB15351BF}
	EndGlobalSection
EndGlobal
